
Microsoft Visual Studio Solution File, Format Version 12.00
# Visual Studio Version 17
VisualStudioVersion = 17.5.002.0
MinimumVisualStudioVersion = 10.0.40219.1
Project("{9A19103F-16F7-4668-BE54-9A1E7A4F7556}") = "rms", "rms\rms.csproj", "{D374FEFD-75E0-458B-B5D0-D29F4A75EB1D}"
EndProject
Global
	GlobalSection(SolutionConfigurationPlatforms) = preSolution
		Debug|Any CPU = Debug|Any CPU
		Release|Any CPU = Release|Any CPU
	EndGlobalSection
	GlobalSection(ProjectConfigurationPlatforms) = postSolution
		{D374FEFD-75E0-458B-B5D0-D29F4A75EB1D}.Debug|Any CPU.ActiveCfg = Debug|Any CPU
		{D374FEFD-75E0-458B-B5D0-D29F4A75EB1D}.Debug|Any CPU.Build.0 = Debug|Any CPU
		{D374FEFD-75E0-458B-B5D0-D29F4A75EB1D}.Release|Any CPU.ActiveCfg = Release|Any CPU
		{D374FEFD-75E0-458B-B5D0-D29F4A75EB1D}.Release|Any CPU.Build.0 = Release|Any CPU
	EndGlobalSection
	GlobalSection(SolutionProperties) = preSolution
		HideSolutionNode = FALSE
	EndGlobalSection
	GlobalSection(ExtensibilityGlobals) = postSolution
		SolutionGuid = {D0CA49C4-879C-4DC9-B81A-AC732533B9E5}
	EndGlobalSection
EndGlobal
